// !$*UTF8*$!
{
	archiveVersion = 1;
	classes = {
	};
	objectVersion = 56;
	objects = {

/* Begin PBXBuildFile section */
		C0DEF1032940449800707A23 /* Assets.xcassets in Resources */ = {isa = PBXBuildFile; fileRef = C0DEF1022940449800707A23 /* Assets.xcassets */; };
		C0DEF1062940449800707A23 /* MainMenu.xib in Resources */ = {isa = PBXBuildFile; fileRef = C0DEF1042940449800707A23 /* MainMenu.xib */; };
		C0DEF1132940449800707A23 /* MazeWars1Tests.m in Sources */ = {isa = PBXBuildFile; fileRef = C0DEF1122940449800707A23 /* MazeWars1Tests.m */; };
		C0DEF11D2940449800707A23 /* MazeWars1UITests.m in Sources */ = {isa = PBXBuildFile; fileRef = C0DEF11C2940449800707A23 /* MazeWars1UITests.m */; };
		C0DEF11F2940449800707A23 /* MazeWars1UITestsLaunchTests.m in Sources */ = {isa = PBXBuildFile; fileRef = C0DEF11E2940449800707A23 /* MazeWars1UITestsLaunchTests.m */; };
		C0DEF12C294044BC00707A23 /* MazeWars.cpp in Sources */ = {isa = PBXBuildFile; fileRef = C0DEF12B294044BC00707A23 /* MazeWars.cpp */; };
		C0DEF12F294044D800707A23 /* ysglfontdata.c in Sources */ = {isa = PBXBuildFile; fileRef = C0DEF12E294044D800707A23 /* ysglfontdata.c */; };
		C0DEF133294044F100707A23 /* fssimplewindowcpp.cpp in Sources */ = {isa = PBXBuildFile; fileRef = C0DEF131294044F100707A23 /* fssimplewindowcpp.cpp */; };
		C0DEF134294044F100707A23 /* fssimplewindowobjc.m in Sources */ = {isa = PBXBuildFile; fileRef = C0DEF132294044F100707A23 /* fssimplewindowobjc.m */; };
		C0DEF1372940450A00707A23 /* OpenGL.framework in Frameworks */ = {isa = PBXBuildFile; fileRef = C0DEF1362940450A00707A23 /* OpenGL.framework */; };
		C0DEF1392940450F00707A23 /* Cocoa.framework in Frameworks */ = {isa = PBXBuildFile; fileRef = C0DEF1382940450F00707A23 /* Cocoa.framework */; };
/* End PBXBuildFile section */

/* Begin PBXContainerItemProxy section */
		C0DEF10F2940449800707A23 /* PBXContainerItemProxy */ = {
			isa = PBXContainerItemProxy;
			containerPortal = C0DEF0F42940449700707A23 /* Project object */;
			proxyType = 1;
			remoteGlobalIDString = C0DEF0FB2940449700707A23;
			remoteInfo = MazeWars1;
		};
		C0DEF1192940449800707A23 /* PBXContainerItemProxy */ = {
			isa = PBXContainerItemProxy;
			containerPortal = C0DEF0F42940449700707A23 /* Project object */;
			proxyType = 1;
			remoteGlobalIDString = C0DEF0FB2940449700707A23;
			remoteInfo = MazeWars1;
		};
/* End PBXContainerItemProxy section */

/* Begin PBXFileReference section */
		C0DEF0FC2940449700707A23 /* MazeWars1.app */ = {isa = PBXFileReference; explicitFileType = wrapper.application; includeInIndex = 0; path = MazeWars1.app; sourceTree = BUILT_PRODUCTS_DIR; };
		C0DEF1022940449800707A23 /* Assets.xcassets */ = {isa = PBXFileReference; lastKnownFileType = folder.assetcatalog; path = Assets.xcassets; sourceTree = "<group>"; };
		C0DEF1052940449800707A23 /* Base */ = {isa = PBXFileReference; lastKnownFileType = file.xib; name = Base; path = Base.lproj/MainMenu.xib; sourceTree = "<group>"; };
		C0DEF1092940449800707A23 /* MazeWars1.entitlements */ = {isa = PBXFileReference; lastKnownFileType = text.plist.entitlements; path = MazeWars1.entitlements; sourceTree = "<group>"; };
		C0DEF10E2940449800707A23 /* MazeWars1Tests.xctest */ = {isa = PBXFileReference; explicitFileType = wrapper.cfbundle; includeInIndex = 0; path = MazeWars1Tests.xctest; sourceTree = BUILT_PRODUCTS_DIR; };
		C0DEF1122940449800707A23 /* MazeWars1Tests.m */ = {isa = PBXFileReference; lastKnownFileType = sourcecode.c.objc; path = MazeWars1Tests.m; sourceTree = "<group>"; };
		C0DEF1182940449800707A23 /* MazeWars1UITests.xctest */ = {isa = PBXFileReference; explicitFileType = wrapper.cfbundle; includeInIndex = 0; path = MazeWars1UITests.xctest; sourceTree = BUILT_PRODUCTS_DIR; };
		C0DEF11C2940449800707A23 /* MazeWars1UITests.m */ = {isa = PBXFileReference; lastKnownFileType = sourcecode.c.objc; path = MazeWars1UITests.m; sourceTree = "<group>"; };
		C0DEF11E2940449800707A23 /* MazeWars1UITestsLaunchTests.m */ = {isa = PBXFileReference; lastKnownFileType = sourcecode.c.objc; path = MazeWars1UITestsLaunchTests.m; sourceTree = "<group>"; };
		C0DEF12B294044BC00707A23 /* MazeWars.cpp */ = {isa = PBXFileReference; fileEncoding = 4; lastKnownFileType = sourcecode.cpp.cpp; name = MazeWars.cpp; path = ../../../Mac/Downloads/MazeWars.cpp; sourceTree = "<group>"; };
		C0DEF12D294044D800707A23 /* ysglfontdata.h */ = {isa = PBXFileReference; fileEncoding = 4; lastKnownFileType = sourcecode.c.h; name = ysglfontdata.h; path = ../../bitmapfont/ysglfontdata.h; sourceTree = "<group>"; };
		C0DEF12E294044D800707A23 /* ysglfontdata.c */ = {isa = PBXFileReference; fileEncoding = 4; lastKnownFileType = sourcecode.c.c; name = ysglfontdata.c; path = ../../bitmapfont/ysglfontdata.c; sourceTree = "<group>"; };
		C0DEF130294044F100707A23 /* fssimplewindow.h */ = {isa = PBXFileReference; fileEncoding = 4; lastKnownFileType = sourcecode.c.h; name = fssimplewindow.h; path = ../../graphics/fssimplewindow.h; sourceTree = "<group>"; };
		C0DEF131294044F100707A23 /* fssimplewindowcpp.cpp */ = {isa = PBXFileReference; fileEncoding = 4; lastKnownFileType = sourcecode.cpp.cpp; name = fssimplewindowcpp.cpp; path = ../../graphics/fssimplewindowcpp.cpp; sourceTree = "<group>"; };
		C0DEF132294044F100707A23 /* fssimplewindowobjc.m */ = {isa = PBXFileReference; fileEncoding = 4; lastKnownFileType = sourcecode.c.objc; name = fssimplewindowobjc.m; path = ../../graphics/fssimplewindowobjc.m; sourceTree = "<group>"; };
		C0DEF1362940450A00707A23 /* OpenGL.framework */ = {isa = PBXFileReference; lastKnownFileType = wrapper.framework; name = OpenGL.framework; path = System/Library/Frameworks/OpenGL.framework; sourceTree = SDKROOT; };
		C0DEF1382940450F00707A23 /* Cocoa.framework */ = {isa = PBXFileReference; lastKnownFileType = wrapper.framework; name = Cocoa.framework; path = System/Library/Frameworks/Cocoa.framework; sourceTree = SDKROOT; };
/* End PBXFileReference section */

/* Begin PBXFrameworksBuildPhase section */
		C0DEF0F92940449700707A23 /* Frameworks */ = {
			isa = PBXFrameworksBuildPhase;
			buildActionMask = 2147483647;
			files = (
				C0DEF1392940450F00707A23 /* Cocoa.framework in Frameworks */,
				C0DEF1372940450A00707A23 /* OpenGL.framework in Frameworks */,
			);
			runOnlyForDeploymentPostprocessing = 0;
		};
		C0DEF10B2940449800707A23 /* Frameworks */ = {
			isa = PBXFrameworksBuildPhase;
			buildActionMask = 2147483647;
			files = (
			);
			runOnlyForDeploymentPostprocessing = 0;
		};
		C0DEF1152940449800707A23 /* Frameworks */ = {
			isa = PBXFrameworksBuildPhase;
			buildActionMask = 2147483647;
			files = (
			);
			runOnlyForDeploymentPostprocessing = 0;
		};
/* End PBXFrameworksBuildPhase section */

/* Begin PBXGroup section */
		C0DEF0F32940449700707A23 = {
			isa = PBXGroup;
			children = (
				C0DEF0FE2940449700707A23 /* MazeWars1 */,
				C0DEF1112940449800707A23 /* MazeWars1Tests */,
				C0DEF11B2940449800707A23 /* MazeWars1UITests */,
				C0DEF0FD2940449700707A23 /* Products */,
				C0DEF1352940450A00707A23 /* Frameworks */,
			);
			sourceTree = "<group>";
		};
		C0DEF0FD2940449700707A23 /* Products */ = {
			isa = PBXGroup;
			children = (
				C0DEF0FC2940449700707A23 /* MazeWars1.app */,
				C0DEF10E2940449800707A23 /* MazeWars1Tests.xctest */,
				C0DEF1182940449800707A23 /* MazeWars1UITests.xctest */,
			);
			name = Products;
			sourceTree = "<group>";
		};
		C0DEF0FE2940449700707A23 /* MazeWars1 */ = {
			isa = PBXGroup;
			children = (
				C0DEF130294044F100707A23 /* fssimplewindow.h */,
				C0DEF131294044F100707A23 /* fssimplewindowcpp.cpp */,
				C0DEF132294044F100707A23 /* fssimplewindowobjc.m */,
				C0DEF12E294044D800707A23 /* ysglfontdata.c */,
				C0DEF12D294044D800707A23 /* ysglfontdata.h */,
				C0DEF12B294044BC00707A23 /* MazeWars.cpp */,
				C0DEF1022940449800707A23 /* Assets.xcassets */,
				C0DEF1042940449800707A23 /* MainMenu.xib */,
				C0DEF1092940449800707A23 /* MazeWars1.entitlements */,
			);
			path = MazeWars1;
			sourceTree = "<group>";
		};
		C0DEF1112940449800707A23 /* MazeWars1Tests */ = {
			isa = PBXGroup;
			children = (
				C0DEF1122940449800707A23 /* MazeWars1Tests.m */,
			);
			path = MazeWars1Tests;
			sourceTree = "<group>";
		};
		C0DEF11B2940449800707A23 /* MazeWars1UITests */ = {
			isa = PBXGroup;
			children = (
				C0DEF11C2940449800707A23 /* MazeWars1UITests.m */,
				C0DEF11E2940449800707A23 /* MazeWars1UITestsLaunchTests.m */,
			);
			path = MazeWars1UITests;
			sourceTree = "<group>";
		};
		C0DEF1352940450A00707A23 /* Frameworks */ = {
			isa = PBXGroup;
			children = (
				C0DEF1382940450F00707A23 /* Cocoa.framework */,
				C0DEF1362940450A00707A23 /* OpenGL.framework */,
			);
			name = Frameworks;
			sourceTree = "<group>";
		};
/* End PBXGroup section */

/* Begin PBXNativeTarget section */
		C0DEF0FB2940449700707A23 /* MazeWars1 */ = {
			isa = PBXNativeTarget;
			buildConfigurationList = C0DEF1222940449800707A23 /* Build configuration list for PBXNativeTarget "MazeWars1" */;
			buildPhases = (
				C0DEF0F82940449700707A23 /* Sources */,
				C0DEF0F92940449700707A23 /* Frameworks */,
				C0DEF0FA2940449700707A23 /* Resources */,
			);
			buildRules = (
			);
			dependencies = (
			);
			name = MazeWars1;
			productName = MazeWars1;
			productReference = C0DEF0FC2940449700707A23 /* MazeWars1.app */;
			productType = "com.apple.product-type.application";
		};
		C0DEF10D2940449800707A23 /* MazeWars1Tests */ = {
			isa = PBXNativeTarget;
			buildConfigurationList = C0DEF1252940449800707A23 /* Build configuration list for PBXNativeTarget "MazeWars1Tests" */;
			buildPhases = (
				C0DEF10A2940449800707A23 /* Sources */,
				C0DEF10B2940449800707A23 /* Frameworks */,
				C0DEF10C2940449800707A23 /* Resources */,
			);
			buildRules = (
			);
			dependencies = (
				C0DEF1102940449800707A23 /* PBXTargetDependency */,
			);
			name = MazeWars1Tests;
			productName = MazeWars1Tests;
			productReference = C0DEF10E2940449800707A23 /* MazeWars1Tests.xctest */;
			productType = "com.apple.product-type.bundle.unit-test";
		};
		C0DEF1172940449800707A23 /* MazeWars1UITests */ = {
			isa = PBXNativeTarget;
			buildConfigurationList = C0DEF1282940449800707A23 /* Build configuration list for PBXNativeTarget "MazeWars1UITests" */;
			buildPhases = (
				C0DEF1142940449800707A23 /* Sources */,
				C0DEF1152940449800707A23 /* Frameworks */,
				C0DEF1162940449800707A23 /* Resources */,
			);
			buildRules = (
			);
			dependencies = (
				C0DEF11A2940449800707A23 /* PBXTargetDependency */,
			);
			name = MazeWars1UITests;
			productName = MazeWars1UITests;
			productReference = C0DEF1182940449800707A23 /* MazeWars1UITests.xctest */;
			productType = "com.apple.product-type.bundle.ui-testing";
		};
/* End PBXNativeTarget section */

/* Begin PBXProject section */
		C0DEF0F42940449700707A23 /* Project object */ = {
			isa = PBXProject;
			attributes = {
				BuildIndependentTargetsInParallel = 1;
				LastUpgradeCheck = 1410;
				TargetAttributes = {
					C0DEF0FB2940449700707A23 = {
						CreatedOnToolsVersion = 14.1;
					};
					C0DEF10D2940449800707A23 = {
						CreatedOnToolsVersion = 14.1;
						TestTargetID = C0DEF0FB2940449700707A23;
					};
					C0DEF1172940449800707A23 = {
						CreatedOnToolsVersion = 14.1;
						TestTargetID = C0DEF0FB2940449700707A23;
					};
				};
			};
			buildConfigurationList = C0DEF0F72940449700707A23 /* Build configuration list for PBXProject "MazeWars1" */;
			compatibilityVersion = "Xcode 14.0";
			developmentRegion = en;
			hasScannedForEncodings = 0;
			knownRegions = (
				en,
				Base,
			);
			mainGroup = C0DEF0F32940449700707A23;
			productRefGroup = C0DEF0FD2940449700707A23 /* Products */;
			projectDirPath = "";
			projectRoot = "";
			targets = (
				C0DEF0FB2940449700707A23 /* MazeWars1 */,
				C0DEF10D2940449800707A23 /* MazeWars1Tests */,
				C0DEF1172940449800707A23 /* MazeWars1UITests */,
			);
		};
/* End PBXProject section */

/* Begin PBXResourcesBuildPhase section */
		C0DEF0FA2940449700707A23 /* Resources */ = {
			isa = PBXResourcesBuildPhase;
			buildActionMask = 2147483647;
			files = (
				C0DEF1032940449800707A23 /* Assets.xcassets in Resources */,
				C0DEF1062940449800707A23 /* MainMenu.xib in Resources */,
			);
			runOnlyForDeploymentPostprocessing = 0;
		};
		C0DEF10C2940449800707A23 /* Resources */ = {
			isa = PBXResourcesBuildPhase;
			buildActionMask = 2147483647;
			files = (
			);
			runOnlyForDeploymentPostprocessing = 0;
		};
		C0DEF1162940449800707A23 /* Resources */ = {
			isa = PBXResourcesBuildPhase;
			buildActionMask = 2147483647;
			files = (
			);
			runOnlyForDeploymentPostprocessing = 0;
		};
/* End PBXResourcesBuildPhase section */

/* Begin PBXSourcesBuildPhase section */
		C0DEF0F82940449700707A23 /* Sources */ = {
			isa = PBXSourcesBuildPhase;
			buildActionMask = 2147483647;
			files = (
				C0DEF134294044F100707A23 /* fssimplewindowobjc.m in Sources */,
				C0DEF133294044F100707A23 /* fssimplewindowcpp.cpp in Sources */,
				C0DEF12C294044BC00707A23 /* MazeWars.cpp in Sources */,
				C0DEF12F294044D800707A23 /* ysglfontdata.c in Sources */,
			);
			runOnlyForDeploymentPostprocessing = 0;
		};
		C0DEF10A2940449800707A23 /* Sources */ = {
			isa = PBXSourcesBuildPhase;
			buildActionMask = 2147483647;
			files = (
				C0DEF1132940449800707A23 /* MazeWars1Tests.m in Sources */,
			);
			runOnlyForDeploymentPostprocessing = 0;
		};
		C0DEF1142940449800707A23 /* Sources */ = {
			isa = PBXSourcesBuildPhase;
			buildActionMask = 2147483647;
			files = (
				C0DEF11F2940449800707A23 /* MazeWars1UITestsLaunchTests.m in Sources */,
				C0DEF11D2940449800707A23 /* MazeWars1UITests.m in Sources */,
			);
			runOnlyForDeploymentPostprocessing = 0;
		};
/* End PBXSourcesBuildPhase section */

/* Begin PBXTargetDependency section */
		C0DEF1102940449800707A23 /* PBXTargetDependency */ = {
			isa = PBXTargetDependency;
			target = C0DEF0FB2940449700707A23 /* MazeWars1 */;
			targetProxy = C0DEF10F2940449800707A23 /* PBXContainerItemProxy */;
		};
		C0DEF11A2940449800707A23 /* PBXTargetDependency */ = {
			isa = PBXTargetDependency;
			target = C0DEF0FB2940449700707A23 /* MazeWars1 */;
			targetProxy = C0DEF1192940449800707A23 /* PBXContainerItemProxy */;
		};
/* End PBXTargetDependency section */

/* Begin PBXVariantGroup section */
		C0DEF1042940449800707A23 /* MainMenu.xib */ = {
			isa = PBXVariantGroup;
			children = (
				C0DEF1052940449800707A23 /* Base */,
			);
			name = MainMenu.xib;
			sourceTree = "<group>";
		};
/* End PBXVariantGroup section */

/* Begin XCBuildConfiguration section */
		C0DEF1202940449800707A23 /* Debug */ = {
			isa = XCBuildConfiguration;
			buildSettings = {
				ALWAYS_SEARCH_USER_PATHS = NO;
				CLANG_ANALYZER_NONNULL = YES;
				CLANG_ANALYZER_NUMBER_OBJECT_CONVERSION = YES_AGGRESSIVE;
				CLANG_CXX_LANGUAGE_STANDARD = "gnu++20";
				CLANG_ENABLE_MODULES = YES;
				CLANG_ENABLE_OBJC_ARC = YES;
				CLANG_ENABLE_OBJC_WEAK = YES;
				CLANG_WARN_BLOCK_CAPTURE_AUTORELEASING = YES;
				CLANG_WARN_BOOL_CONVERSION = YES;
				CLANG_WARN_COMMA = YES;
				CLANG_WARN_CONSTANT_CONVERSION = YES;
				CLANG_WARN_DEPRECATED_OBJC_IMPLEMENTATIONS = YES;
				CLANG_WARN_DIRECT_OBJC_ISA_USAGE = YES_ERROR;
				CLANG_WARN_DOCUMENTATION_COMMENTS = YES;
				CLANG_WARN_EMPTY_BODY = YES;
				CLANG_WARN_ENUM_CONVERSION = YES;
				CLANG_WARN_INFINITE_RECURSION = YES;
				CLANG_WARN_INT_CONVERSION = YES;
				CLANG_WARN_NON_LITERAL_NULL_CONVERSION = YES;
				CLANG_WARN_OBJC_IMPLICIT_RETAIN_SELF = YES;
				CLANG_WARN_OBJC_LITERAL_CONVERSION = YES;
				CLANG_WARN_OBJC_ROOT_CLASS = YES_ERROR;
				CLANG_WARN_QUOTED_INCLUDE_IN_FRAMEWORK_HEADER = YES;
				CLANG_WARN_RANGE_LOOP_ANALYSIS = YES;
				CLANG_WARN_STRICT_PROTOTYPES = YES;
				CLANG_WARN_SUSPICIOUS_MOVE = YES;
				CLANG_WARN_UNGUARDED_AVAILABILITY = YES_AGGRESSIVE;
				CLANG_WARN_UNREACHABLE_CODE = YES;
				CLANG_WARN__DUPLICATE_METHOD_MATCH = YES;
				COPY_PHASE_STRIP = NO;
				DEBUG_INFORMATION_FORMAT = dwarf;
				ENABLE_STRICT_OBJC_MSGSEND = YES;
				ENABLE_TESTABILITY = YES;
				GCC_C_LANGUAGE_STANDARD = gnu11;
				GCC_DYNAMIC_NO_PIC = NO;
				GCC_NO_COMMON_BLOCKS = YES;
				GCC_OPTIMIZATION_LEVEL = 0;
				GCC_PREPROCESSOR_DEFINITIONS = (
					"DEBUG=1",
					"$(inherited)",
				);
				GCC_WARN_64_TO_32_BIT_CONVERSION = YES;
				GCC_WARN_ABOUT_RETURN_TYPE = YES_ERROR;
				GCC_WARN_UNDECLARED_SELECTOR = YES;
				GCC_WARN_UNINITIALIZED_AUTOS = YES_AGGRESSIVE;
				GCC_WARN_UNUSED_FUNCTION = YES;
				GCC_WARN_UNUSED_VARIABLE = YES;
				MACOSX_DEPLOYMENT_TARGET = 13.0;
				MTL_ENABLE_DEBUG_INFO = INCLUDE_SOURCE;
				MTL_FAST_MATH = YES;
				ONLY_ACTIVE_ARCH = YES;
				SDKROOT = macosx;
			};
			name = Debug;
		};
		C0DEF1212940449800707A23 /* Release */ = {
			isa = XCBuildConfiguration;
			buildSettings = {
				ALWAYS_SEARCH_USER_PATHS = NO;
				CLANG_ANALYZER_NONNULL = YES;
				CLANG_ANALYZER_NUMBER_OBJECT_CONVERSION = YES_AGGRESSIVE;
				CLANG_CXX_LANGUAGE_STANDARD = "gnu++20";
				CLANG_ENABLE_MODULES = YES;
				CLANG_ENABLE_OBJC_ARC = YES;
				CLANG_ENABLE_OBJC_WEAK = YES;
				CLANG_WARN_BLOCK_CAPTURE_AUTORELEASING = YES;
				CLANG_WARN_BOOL_CONVERSION = YES;
				CLANG_WARN_COMMA = YES;
				CLANG_WARN_CONSTANT_CONVERSION = YES;
				CLANG_WARN_DEPRECATED_OBJC_IMPLEMENTATIONS = YES;
				CLANG_WARN_DIRECT_OBJC_ISA_USAGE = YES_ERROR;
				CLANG_WARN_DOCUMENTATION_COMMENTS = YES;
				CLANG_WARN_EMPTY_BODY = YES;
				CLANG_WARN_ENUM_CONVERSION = YES;
				CLANG_WARN_INFINITE_RECURSION = YES;
				CLANG_WARN_INT_CONVERSION = YES;
				CLANG_WARN_NON_LITERAL_NULL_CONVERSION = YES;
				CLANG_WARN_OBJC_IMPLICIT_RETAIN_SELF = YES;
				CLANG_WARN_OBJC_LITERAL_CONVERSION = YES;
				CLANG_WARN_OBJC_ROOT_CLASS = YES_ERROR;
				CLANG_WARN_QUOTED_INCLUDE_IN_FRAMEWORK_HEADER = YES;
				CLANG_WARN_RANGE_LOOP_ANALYSIS = YES;
				CLANG_WARN_STRICT_PROTOTYPES = YES;
				CLANG_WARN_SUSPICIOUS_MOVE = YES;
				CLANG_WARN_UNGUARDED_AVAILABILITY = YES_AGGRESSIVE;
				CLANG_WARN_UNREACHABLE_CODE = YES;
				CLANG_WARN__DUPLICATE_METHOD_MATCH = YES;
				COPY_PHASE_STRIP = NO;
				DEBUG_INFORMATION_FORMAT = "dwarf-with-dsym";
				ENABLE_NS_ASSERTIONS = NO;
				ENABLE_STRICT_OBJC_MSGSEND = YES;
				GCC_C_LANGUAGE_STANDARD = gnu11;
				GCC_NO_COMMON_BLOCKS = YES;
				GCC_WARN_64_TO_32_BIT_CONVERSION = YES;
				GCC_WARN_ABOUT_RETURN_TYPE = YES_ERROR;
				GCC_WARN_UNDECLARED_SELECTOR = YES;
				GCC_WARN_UNINITIALIZED_AUTOS = YES_AGGRESSIVE;
				GCC_WARN_UNUSED_FUNCTION = YES;
				GCC_WARN_UNUSED_VARIABLE = YES;
				MACOSX_DEPLOYMENT_TARGET = 13.0;
				MTL_ENABLE_DEBUG_INFO = NO;
				MTL_FAST_MATH = YES;
				SDKROOT = macosx;
			};
			name = Release;
		};
		C0DEF1232940449800707A23 /* Debug */ = {
			isa = XCBuildConfiguration;
			buildSettings = {
				ASSETCATALOG_COMPILER_APPICON_NAME = AppIcon;
				ASSETCATALOG_COMPILER_GLOBAL_ACCENT_COLOR_NAME = AccentColor;
				CODE_SIGN_ENTITLEMENTS = MazeWars1/MazeWars1.entitlements;
				CODE_SIGN_STYLE = Automatic;
				COMBINE_HIDPI_IMAGES = YES;
				CURRENT_PROJECT_VERSION = 1;
				DEVELOPMENT_TEAM = 947KUDC7T7;
				ENABLE_HARDENED_RUNTIME = YES;
				GENERATE_INFOPLIST_FILE = YES;
				INFOPLIST_KEY_NSHumanReadableCopyright = "";
				INFOPLIST_KEY_NSMainNibFile = MainMenu;
				INFOPLIST_KEY_NSPrincipalClass = NSApplication;
				LD_RUNPATH_SEARCH_PATHS = (
					"$(inherited)",
					"@executable_path/../Frameworks",
				);
				MARKETING_VERSION = 1.0;
				PRODUCT_BUNDLE_IDENTIFIER = CMU.MazeWars1;
				PRODUCT_NAME = "$(TARGET_NAME)";
				SWIFT_EMIT_LOC_STRINGS = YES;
			};
			name = Debug;
		};
		C0DEF1242940449800707A23 /* Release */ = {
			isa = XCBuildConfiguration;
			buildSettings = {
				ASSETCATALOG_COMPILER_APPICON_NAME = AppIcon;
				ASSETCATALOG_COMPILER_GLOBAL_ACCENT_COLOR_NAME = AccentColor;
				CODE_SIGN_ENTITLEMENTS = MazeWars1/MazeWars1.entitlements;
				CODE_SIGN_STYLE = Automatic;
				COMBINE_HIDPI_IMAGES = YES;
				CURRENT_PROJECT_VERSION = 1;
				DEVELOPMENT_TEAM = 947KUDC7T7;
				ENABLE_HARDENED_RUNTIME = YES;
				GENERATE_INFOPLIST_FILE = YES;
				INFOPLIST_KEY_NSHumanReadableCopyright = "";
				INFOPLIST_KEY_NSMainNibFile = MainMenu;
				INFOPLIST_KEY_NSPrincipalClass = NSApplication;
				LD_RUNPATH_SEARCH_PATHS = (
					"$(inherited)",
					"@executable_path/../Frameworks",
				);
				MARKETING_VERSION = 1.0;
				PRODUCT_BUNDLE_IDENTIFIER = CMU.MazeWars1;
				PRODUCT_NAME = "$(TARGET_NAME)";
				SWIFT_EMIT_LOC_STRINGS = YES;
			};
			name = Release;
		};
		C0DEF1262940449800707A23 /* Debug */ = {
			isa = XCBuildConfiguration;
			buildSettings = {
				BUNDLE_LOADER = "$(TEST_HOST)";
				CODE_SIGN_STYLE = Automatic;
				CURRENT_PROJECT_VERSION = 1;
				DEVELOPMENT_TEAM = 947KUDC7T7;
				GENERATE_INFOPLIST_FILE = YES;
				MACOSX_DEPLOYMENT_TARGET = 13.0;
				MARKETING_VERSION = 1.0;
				PRODUCT_BUNDLE_IDENTIFIER = CMU.MazeWars1Tests;
				PRODUCT_NAME = "$(TARGET_NAME)";
				SWIFT_EMIT_LOC_STRINGS = NO;
				TEST_HOST = "$(BUILT_PRODUCTS_DIR)/MazeWars1.app/$(BUNDLE_EXECUTABLE_FOLDER_PATH)/MazeWars1";
			};
			name = Debug;
		};
		C0DEF1272940449800707A23 /* Release */ = {
			isa = XCBuildConfiguration;
			buildSettings = {
				BUNDLE_LOADER = "$(TEST_HOST)";
				CODE_SIGN_STYLE = Automatic;
				CURRENT_PROJECT_VERSION = 1;
				DEVELOPMENT_TEAM = 947KUDC7T7;
				GENERATE_INFOPLIST_FILE = YES;
				MACOSX_DEPLOYMENT_TARGET = 13.0;
				MARKETING_VERSION = 1.0;
				PRODUCT_BUNDLE_IDENTIFIER = CMU.MazeWars1Tests;
				PRODUCT_NAME = "$(TARGET_NAME)";
				SWIFT_EMIT_LOC_STRINGS = NO;
				TEST_HOST = "$(BUILT_PRODUCTS_DIR)/MazeWars1.app/$(BUNDLE_EXECUTABLE_FOLDER_PATH)/MazeWars1";
			};
			name = Release;
		};
		C0DEF1292940449800707A23 /* Debug */ = {
			isa = XCBuildConfiguration;
			buildSettings = {
				CODE_SIGN_STYLE = Automatic;
				CURRENT_PROJECT_VERSION = 1;
				DEVELOPMENT_TEAM = 947KUDC7T7;
				GENERATE_INFOPLIST_FILE = YES;
				MARKETING_VERSION = 1.0;
				PRODUCT_BUNDLE_IDENTIFIER = CMU.MazeWars1UITests;
				PRODUCT_NAME = "$(TARGET_NAME)";
				SWIFT_EMIT_LOC_STRINGS = NO;
				TEST_TARGET_NAME = MazeWars1;
			};
			name = Debug;
		};
		C0DEF12A2940449800707A23 /* Release */ = {
			isa = XCBuildConfiguration;
			buildSettings = {
				CODE_SIGN_STYLE = Automatic;
				CURRENT_PROJECT_VERSION = 1;
				DEVELOPMENT_TEAM = 947KUDC7T7;
				GENERATE_INFOPLIST_FILE = YES;
				MARKETING_VERSION = 1.0;
				PRODUCT_BUNDLE_IDENTIFIER = CMU.MazeWars1UITests;
				PRODUCT_NAME = "$(TARGET_NAME)";
				SWIFT_EMIT_LOC_STRINGS = NO;
				TEST_TARGET_NAME = MazeWars1;
			};
			name = Release;
		};
/* End XCBuildConfiguration section */

/* Begin XCConfigurationList section */
		C0DEF0F72940449700707A23 /* Build configuration list for PBXProject "MazeWars1" */ = {
			isa = XCConfigurationList;
			buildConfigurations = (
				C0DEF1202940449800707A23 /* Debug */,
				C0DEF1212940449800707A23 /* Release */,
			);
			defaultConfigurationIsVisible = 0;
			defaultConfigurationName = Release;
		};
		C0DEF1222940449800707A23 /* Build configuration list for PBXNativeTarget "MazeWars1" */ = {
			isa = XCConfigurationList;
			buildConfigurations = (
				C0DEF1232940449800707A23 /* Debug */,
				C0DEF1242940449800707A23 /* Release */,
			);
			defaultConfigurationIsVisible = 0;
			defaultConfigurationName = Release;
		};
		C0DEF1252940449800707A23 /* Build configuration list for PBXNativeTarget "MazeWars1Tests" */ = {
			isa = XCConfigurationList;
			buildConfigurations = (
				C0DEF1262940449800707A23 /* Debug */,
				C0DEF1272940449800707A23 /* Release */,
			);
			defaultConfigurationIsVisible = 0;
			defaultConfigurationName = Release;
		};
		C0DEF1282940449800707A23 /* Build configuration list for PBXNativeTarget "MazeWars1UITests" */ = {
			isa = XCConfigurationList;
			buildConfigurations = (
				C0DEF1292940449800707A23 /* Debug */,
				C0DEF12A2940449800707A23 /* Release */,
			);
			defaultConfigurationIsVisible = 0;
			defaultConfigurationName = Release;
		};
/* End XCConfigurationList section */
	};
	rootObject = C0DEF0F42940449700707A23 /* Project object */;
}
